
Microsoft Visual Studio Solution File, Format Version 12.00
# Visual Studio 15
VisualStudioVersion = 15.0.26730.16
MinimumVisualStudioVersion = 10.0.40219.1
Project("{8BC9CEB8-8B4A-11D0-8D11-00A0C91BC942}") = "midterm", "midterm\midterm.vcxproj", "{D7C7CFA4-4ED4-4D0D-9C4B-BBAC2A9F6C08}"
EndProject
Global
	GlobalSection(SolutionConfigurationPlatforms) = preSolution
		Debug|x64 = Debug|x64
		Debug|x86 = Debug|x86
		Release|x64 = Release|x64
		Release|x86 = Release|x86
	EndGlobalSection
	GlobalSection(ProjectConfigurationPlatforms) = postSolution
		{D7C7CFA4-4ED4-4D0D-9C4B-BBAC2A9F6C08}.Debug|x64.ActiveCfg = Debug|x64
		{D7C7CFA4-4ED4-4D0D-9C4B-BBAC2A9F6C08}.Debug|x64.Build.0 = Debug|x64
		{D7C7CFA4-4ED4-4D0D-9C4B-BBAC2A9F6C08}.Debug|x86.ActiveCfg = Debug|Win32
		{D7C7CFA4-4ED4-4D0D-9C4B-BBAC2A9F6C08}.Debug|x86.Build.0 = Debug|Win32
		{D7C7CFA4-4ED4-4D0D-9C4B-BBAC2A9F6C08}.Release|x64.ActiveCfg = Release|x64
		{D7C7CFA4-4ED4-4D0D-9C4B-BBAC2A9F6C08}.Release|x64.Build.0 = Release|x64
		{D7C7CFA4-4ED4-4D0D-9C4B-BBAC2A9F6C08}.Release|x86.ActiveCfg = Release|Win32
		{D7C7CFA4-4ED4-4D0D-9C4B-BBAC2A9F6C08}.Release|x86.Build.0 = Release|Win32
	EndGlobalSection
	GlobalSection(SolutionProperties) = preSolution
		HideSolutionNode = FALSE
	EndGlobalSection
	GlobalSection(ExtensibilityGlobals) = postSolution
		SolutionGuid = {E266598A-5851-41FA-ADDB-DCCDE395EA7C}
	EndGlobalSection
EndGlobal
